
Microsoft Visual Studio Solution File, Format Version 12.00
# Visual Studio Version 17
VisualStudioVersion = 17.1.32319.34
MinimumVisualStudioVersion = 10.0.40219.1
Project("{FAE04EC0-301F-11D3-BF4B-00C04F79EFBC}") = "upravljanjeGreskama", "upravljanjeGreskama.csproj", "{F8D842A5-37D3-4A35-91B6-1752D9AA14D5}"
EndProject
Global
	GlobalSection(SolutionConfigurationPlatforms) = preSolution
		Debug|Any CPU = Debug|Any CPU
		Release|Any CPU = Release|Any CPU
	EndGlobalSection
	GlobalSection(ProjectConfigurationPlatforms) = postSolution
		{F8D842A5-37D3-4A35-91B6-1752D9AA14D5}.Debug|Any CPU.ActiveCfg = Debug|Any CPU
		{F8D842A5-37D3-4A35-91B6-1752D9AA14D5}.Debug|Any CPU.Build.0 = Debug|Any CPU
		{F8D842A5-37D3-4A35-91B6-1752D9AA14D5}.Release|Any CPU.ActiveCfg = Release|Any CPU
		{F8D842A5-37D3-4A35-91B6-1752D9AA14D5}.Release|Any CPU.Build.0 = Release|Any CPU
	EndGlobalSection
	GlobalSection(SolutionProperties) = preSolution
		HideSolutionNode = FALSE
	EndGlobalSection
	GlobalSection(ExtensibilityGlobals) = postSolution
		SolutionGuid = {F00CD8D1-E53A-45F8-BC33-335F97638DF6}
	EndGlobalSection
EndGlobal
